
Microsoft Visual Studio Solution File, Format Version 12.00
# Visual Studio 15
VisualStudioVersion = 15.0.27428.2015
MinimumVisualStudioVersion = 10.0.40219.1
Project("{FAE04EC0-301F-11D3-BF4B-00C04F79EFBC}") = "Muhendislik4", "Muhendislik4\Muhendislik4.csproj", "{A52211EE-9424-4C85-A905-390B971F109F}"
EndProject
Global
	GlobalSection(SolutionConfigurationPlatforms) = preSolution
		Debug|Any CPU = Debug|Any CPU
		Release|Any CPU = Release|Any CPU
	EndGlobalSection
	GlobalSection(ProjectConfigurationPlatforms) = postSolution
		{A52211EE-9424-4C85-A905-390B971F109F}.Debug|Any CPU.ActiveCfg = Debug|Any CPU
		{A52211EE-9424-4C85-A905-390B971F109F}.Debug|Any CPU.Build.0 = Debug|Any CPU
		{A52211EE-9424-4C85-A905-390B971F109F}.Release|Any CPU.ActiveCfg = Release|Any CPU
		{A52211EE-9424-4C85-A905-390B971F109F}.Release|Any CPU.Build.0 = Release|Any CPU
	EndGlobalSection
	GlobalSection(SolutionProperties) = preSolution
		HideSolutionNode = FALSE
	EndGlobalSection
	GlobalSection(ExtensibilityGlobals) = postSolution
		SolutionGuid = {1C3B70FB-1DAA-4383-A5CC-173DB78933A4}
	EndGlobalSection
EndGlobal
